// !$*UTF8*$!
{
    archiveVersion = 1;
    classes = {
    };
    objectVersion = 50;
    objects = {

/* Begin PBXBuildFile section */
        5D84E44D217612AB00D5DBCD /* Employee.swift in Sources */ = {isa = PBXBuildFile; fileRef = 5D84E44C217612AB00D5DBCD /* Employee.swift */; };
		5D84E459217642AE00D5DBCD /* DisplayController.swift in Sources */ = {isa = PBXBuildFile; fileRef = 5D84E458217642AE00D5DBCD /* DisplayController.swift */; };
		6B91E3B821763B5E004CB9C1 /* AddViewController.swift in Sources */ = {isa = PBXBuildFile; fileRef = 6B91E3B721763B5E004CB9C1 /* AddViewController.swift */; };
        B69DB4982161E69600371B20 /* AppDelegate.swift in Sources */ = {isa = PBXBuildFile; fileRef = B69DB4972161E69600371B20 /* AppDelegate.swift */; };
        B69DB49A2161E69600371B20 /* SignVC.swift in Sources */ = {isa = PBXBuildFile; fileRef = B69DB4992161E69600371B20 /* SignVC.swift */; };
        B69DB49D2161E69600371B20 /* Main.storyboard in Resources */ = {isa = PBXBuildFile; fileRef = B69DB49B2161E69600371B20 /* Main.storyboard */; };
        B69DB49F2161E69700371B20 /* Assets.xcassets in Resources */ = {isa = PBXBuildFile; fileRef = B69DB49E2161E69700371B20 /* Assets.xcassets */; };
        B69DB4A22161E69700371B20 /* LaunchScreen.storyboard in Resources */ = {isa = PBXBuildFile; fileRef = B69DB4A02161E69700371B20 /* LaunchScreen.storyboard */; };
        B69DB4AD2161E69700371B20 /* TestExample4Tests.swift in Sources */ = {isa = PBXBuildFile; fileRef = B69DB4AC2161E69700371B20 /* TestExample4Tests.swift */; };
        B69DB4B82161EA7100371B20 /* RegistrationController.swift in Sources */ = {isa = PBXBuildFile; fileRef = B69DB4B72161EA7100371B20 /* RegistrationController.swift */; };
/* End PBXBuildFile section */

/* Begin PBXContainerItemProxy section */
        B69DB4A92161E69700371B20 /* PBXContainerItemProxy */ = {
            isa = PBXContainerItemProxy;
            containerPortal = B69DB48C2161E69500371B20 /* Project object */;
            proxyType = 1;
            remoteGlobalIDString = B69DB4932161E69500371B20;
            remoteInfo = TestExample4;
        };
/* End PBXContainerItemProxy section */

/* Begin PBXFileReference section */
        5D84E44C217612AB00D5DBCD /* Employee.swift */ = {isa = PBXFileReference; lastKnownFileType = sourcecode.swift; path = Employee.swift; sourceTree = "<group>"; };
		5D84E458217642AE00D5DBCD /* DisplayController.swift */ = {isa = PBXFileReference; lastKnownFileType = sourcecode.swift; path = DisplayController.swift; sourceTree = "<group>"; };
		6B91E3B721763B5E004CB9C1 /* AddViewController.swift */ = {isa = PBXFileReference; lastKnownFileType = sourcecode.swift; path = AddViewController.swift; sourceTree = "<group>"; };
        B69DB4942161E69500371B20 /* TestExample4.app */ = {isa = PBXFileReference; explicitFileType = wrapper.application; includeInIndex = 0; path = TestExample4.app; sourceTree = BUILT_PRODUCTS_DIR; };
        B69DB4972161E69600371B20 /* AppDelegate.swift */ = {isa = PBXFileReference; lastKnownFileType = sourcecode.swift; path = AppDelegate.swift; sourceTree = "<group>"; };
        B69DB4992161E69600371B20 /* SignVC.swift */ = {isa = PBXFileReference; lastKnownFileType = sourcecode.swift; path = SignVC.swift; sourceTree = "<group>"; };
        B69DB49C2161E69600371B20 /* Base */ = {isa = PBXFileReference; lastKnownFileType = file.storyboard; name = Base; path = Base.lproj/Main.storyboard; sourceTree = "<group>"; };
        B69DB49E2161E69700371B20 /* Assets.xcassets */ = {isa = PBXFileReference; lastKnownFileType = folder.assetcatalog; path = Assets.xcassets; sourceTree = "<group>"; };
        B69DB4A12161E69700371B20 /* Base */ = {isa = PBXFileReference; lastKnownFileType = file.storyboard; name = Base; path = Base.lproj/LaunchScreen.storyboard; sourceTree = "<group>"; };
        B69DB4A32161E69700371B20 /* Info.plist */ = {isa = PBXFileReference; lastKnownFileType = text.plist.xml; path = Info.plist; sourceTree = "<group>"; };
        B69DB4A82161E69700371B20 /* TestExample4Tests.xctest */ = {isa = PBXFileReference; explicitFileType = wrapper.cfbundle; includeInIndex = 0; path = TestExample4Tests.xctest; sourceTree = BUILT_PRODUCTS_DIR; };
        B69DB4AC2161E69700371B20 /* TestExample4Tests.swift */ = {isa = PBXFileReference; lastKnownFileType = sourcecode.swift; path = TestExample4Tests.swift; sourceTree = "<group>"; };
        B69DB4AE2161E69700371B20 /* Info.plist */ = {isa = PBXFileReference; lastKnownFileType = text.plist.xml; path = Info.plist; sourceTree = "<group>"; };
        B69DB4B72161EA7100371B20 /* RegistrationController.swift */ = {isa = PBXFileReference; lastKnownFileType = sourcecode.swift; path = RegistrationController.swift; sourceTree = "<group>"; };
/* End PBXFileReference section */

/* Begin PBXFrameworksBuildPhase section */
        B69DB4912161E69500371B20 /* Frameworks */ = {
            isa = PBXFrameworksBuildPhase;
            buildActionMask = 2147483647;
            files = (
            );
            runOnlyForDeploymentPostprocessing = 0;
        };
        B69DB4A52161E69700371B20 /* Frameworks */ = {
            isa = PBXFrameworksBuildPhase;
            buildActionMask = 2147483647;
            files = (
            );
            runOnlyForDeploymentPostprocessing = 0;
        };
/* End PBXFrameworksBuildPhase section */

/* Begin PBXGroup section */
        5D84E44B217611CE00D5DBCD /* Structs */ = {
            isa = PBXGroup;
            children = (
                5D84E44C217612AB00D5DBCD /* Employee.swift */,
            );
            path = Structs;
            sourceTree = "<group>";
        };
        5D84E45321762D9600D5DBCD /* Pages */ = {
            isa = PBXGroup;
            children = (
                B69DB4992161E69600371B20 /* SignVC.swift */,
                B69DB4B72161EA7100371B20 /* RegistrationController.swift */,
				5D84E458217642AE00D5DBCD /* DisplayController.swift */,
				6B91E3B721763B5E004CB9C1 /* AddViewController.swift */,
            );
            path = Pages;
            sourceTree = "<group>";
        };
        5D84E45421762DC600D5DBCD /* Supporting Files */ = {
            isa = PBXGroup;
            children = (
                B69DB49E2161E69700371B20 /* Assets.xcassets */,
                B69DB4972161E69600371B20 /* AppDelegate.swift */,
            );
            path = "Supporting Files";
            sourceTree = "<group>";
        };
        5D84E4552176307500D5DBCD /* Storyboards */ = {
            isa = PBXGroup;
            children = (
                B69DB49B2161E69600371B20 /* Main.storyboard */,
                B69DB4A02161E69700371B20 /* LaunchScreen.storyboard */,
            );
            path = Storyboards;
            sourceTree = "<group>";
        };
        B69DB48B2161E69500371B20 = {
            isa = PBXGroup;
            children = (
                B69DB4962161E69500371B20 /* TestExample4 */,
                B69DB4AB2161E69700371B20 /* TestExample4Tests */,
                B69DB4952161E69500371B20 /* Products */,
            );
            sourceTree = "<group>";
        };
        B69DB4952161E69500371B20 /* Products */ = {
            isa = PBXGroup;
            children = (
                B69DB4942161E69500371B20 /* TestExample4.app */,
                B69DB4A82161E69700371B20 /* TestExample4Tests.xctest */,
            );
            name = Products;
            sourceTree = "<group>";
        };
        B69DB4962161E69500371B20 /* TestExample4 */ = {
            isa = PBXGroup;
            children = (
                B69DB4A32161E69700371B20 /* Info.plist */,
                5D84E4552176307500D5DBCD /* Storyboards */,
                5D84E45421762DC600D5DBCD /* Supporting Files */,
                5D84E45321762D9600D5DBCD /* Pages */,
                5D84E44B217611CE00D5DBCD /* Structs */,
            );
            path = TestExample4;
            sourceTree = "<group>";
        };
        B69DB4AB2161E69700371B20 /* TestExample4Tests */ = {
            isa = PBXGroup;
            children = (
                B69DB4AC2161E69700371B20 /* TestExample4Tests.swift */,
                B69DB4AE2161E69700371B20 /* Info.plist */,
            );
            path = TestExample4Tests;
            sourceTree = "<group>";
        };
/* End PBXGroup section */

/* Begin PBXNativeTarget section */
        B69DB4932161E69500371B20 /* TestExample4 */ = {
            isa = PBXNativeTarget;
            buildConfigurationList = B69DB4B12161E69700371B20 /* Build configuration list for PBXNativeTarget "TestExample4" */;
            buildPhases = (
                B69DB4902161E69500371B20 /* Sources */,
                B69DB4912161E69500371B20 /* Frameworks */,
                B69DB4922161E69500371B20 /* Resources */,
            );
            buildRules = (
            );
            dependencies = (
            );
            name = TestExample4;
            productName = TestExample4;
            productReference = B69DB4942161E69500371B20 /* TestExample4.app */;
            productType = "com.apple.product-type.application";
        };
        B69DB4A72161E69700371B20 /* TestExample4Tests */ = {
            isa = PBXNativeTarget;
            buildConfigurationList = B69DB4B42161E69700371B20 /* Build configuration list for PBXNativeTarget "TestExample4Tests" */;
            buildPhases = (
                B69DB4A42161E69700371B20 /* Sources */,
                B69DB4A52161E69700371B20 /* Frameworks */,
                B69DB4A62161E69700371B20 /* Resources */,
            );
            buildRules = (
            );
            dependencies = (
                B69DB4AA2161E69700371B20 /* PBXTargetDependency */,
            );
            name = TestExample4Tests;
            productName = TestExample4Tests;
            productReference = B69DB4A82161E69700371B20 /* TestExample4Tests.xctest */;
            productType = "com.apple.product-type.bundle.unit-test";
        };
/* End PBXNativeTarget section */

/* Begin PBXProject section */
        B69DB48C2161E69500371B20 /* Project object */ = {
            isa = PBXProject;
            attributes = {
                LastSwiftUpdateCheck = 1000;
                LastUpgradeCheck = 1000;
                ORGANIZATIONNAME = "Вова Петров";
                TargetAttributes = {
                    B69DB4932161E69500371B20 = {
                        CreatedOnToolsVersion = 10.0;
                    };
                    B69DB4A72161E69700371B20 = {
                        CreatedOnToolsVersion = 10.0;
                        TestTargetID = B69DB4932161E69500371B20;
                    };
                };
            };
            buildConfigurationList = B69DB48F2161E69500371B20 /* Build configuration list for PBXProject "TestExample4" */;
            compatibilityVersion = "Xcode 9.3";
            developmentRegion = en;
            hasScannedForEncodings = 0;
            knownRegions = (
                en,
                Base,
            );
            mainGroup = B69DB48B2161E69500371B20;
            productRefGroup = B69DB4952161E69500371B20 /* Products */;
            projectDirPath = "";
            projectRoot = "";
            targets = (
                B69DB4932161E69500371B20 /* TestExample4 */,
                B69DB4A72161E69700371B20 /* TestExample4Tests */,
            );
        };
/* End PBXProject section */

/* Begin PBXResourcesBuildPhase section */
        B69DB4922161E69500371B20 /* Resources */ = {
            isa = PBXResourcesBuildPhase;
            buildActionMask = 2147483647;
            files = (
                B69DB4A22161E69700371B20 /* LaunchScreen.storyboard in Resources */,
                B69DB49F2161E69700371B20 /* Assets.xcassets in Resources */,
                B69DB49D2161E69600371B20 /* Main.storyboard in Resources */,
            );
            runOnlyForDeploymentPostprocessing = 0;
        };
        B69DB4A62161E69700371B20 /* Resources */ = {
            isa = PBXResourcesBuildPhase;
            buildActionMask = 2147483647;
            files = (
            );
            runOnlyForDeploymentPostprocessing = 0;
        };
/* End PBXResourcesBuildPhase section */

/* Begin PBXSourcesBuildPhase section */
        B69DB4902161E69500371B20 /* Sources */ = {
            isa = PBXSourcesBuildPhase;
            buildActionMask = 2147483647;
            files = (
                6B91E3B821763B5E004CB9C1 /* AddViewController.swift in Sources */,
                B69DB49A2161E69600371B20 /* SignVC.swift in Sources */,
                5D84E459217642AE00D5DBCD /* DisplayController.swift in Sources */,
                5D84E44D217612AB00D5DBCD /* Employee.swift in Sources */,
                B69DB4B82161EA7100371B20 /* RegistrationController.swift in Sources */,
                B69DB4982161E69600371B20 /* AppDelegate.swift in Sources */,
            );
            runOnlyForDeploymentPostprocessing = 0;
        };
        B69DB4A42161E69700371B20 /* Sources */ = {
            isa = PBXSourcesBuildPhase;
            buildActionMask = 2147483647;
            files = (
                B69DB4AD2161E69700371B20 /* TestExample4Tests.swift in Sources */,
            );
            runOnlyForDeploymentPostprocessing = 0;
        };
/* End PBXSourcesBuildPhase section */

/* Begin PBXTargetDependency section */
        B69DB4AA2161E69700371B20 /* PBXTargetDependency */ = {
            isa = PBXTargetDependency;
            target = B69DB4932161E69500371B20 /* TestExample4 */;
            targetProxy = B69DB4A92161E69700371B20 /* PBXContainerItemProxy */;
        };
/* End PBXTargetDependency section */

/* Begin PBXVariantGroup section */
        B69DB49B2161E69600371B20 /* Main.storyboard */ = {
            isa = PBXVariantGroup;
            children = (
                B69DB49C2161E69600371B20 /* Base */,
            );
            name = Main.storyboard;
            sourceTree = "<group>";
        };
        B69DB4A02161E69700371B20 /* LaunchScreen.storyboard */ = {
            isa = PBXVariantGroup;
            children = (
                B69DB4A12161E69700371B20 /* Base */,
            );
            name = LaunchScreen.storyboard;
            sourceTree = "<group>";
        };
/* End PBXVariantGroup section */

/* Begin XCBuildConfiguration section */
        B69DB4AF2161E69700371B20 /* Debug */ = {
            isa = XCBuildConfiguration;
            buildSettings = {
                ALWAYS_SEARCH_USER_PATHS = NO;
                CLANG_ANALYZER_NONNULL = YES;
                CLANG_ANALYZER_NUMBER_OBJECT_CONVERSION = YES_AGGRESSIVE;
                CLANG_CXX_LANGUAGE_STANDARD = "gnu++14";
                CLANG_CXX_LIBRARY = "libc++";
                CLANG_ENABLE_MODULES = YES;
                CLANG_ENABLE_OBJC_ARC = YES;
                CLANG_ENABLE_OBJC_WEAK = YES;
                CLANG_WARN_BLOCK_CAPTURE_AUTORELEASING = YES;
                CLANG_WARN_BOOL_CONVERSION = YES;
                CLANG_WARN_COMMA = YES;
                CLANG_WARN_CONSTANT_CONVERSION = YES;
                CLANG_WARN_DEPRECATED_OBJC_IMPLEMENTATIONS = YES;
                CLANG_WARN_DIRECT_OBJC_ISA_USAGE = YES_ERROR;
                CLANG_WARN_DOCUMENTATION_COMMENTS = YES;
                CLANG_WARN_EMPTY_BODY = YES;
                CLANG_WARN_ENUM_CONVERSION = YES;
                CLANG_WARN_INFINITE_RECURSION = YES;
                CLANG_WARN_INT_CONVERSION = YES;
                CLANG_WARN_NON_LITERAL_NULL_CONVERSION = YES;
                CLANG_WARN_OBJC_IMPLICIT_RETAIN_SELF = YES;
                CLANG_WARN_OBJC_LITERAL_CONVERSION = YES;
                CLANG_WARN_OBJC_ROOT_CLASS = YES_ERROR;
                CLANG_WARN_RANGE_LOOP_ANALYSIS = YES;
                CLANG_WARN_STRICT_PROTOTYPES = YES;
                CLANG_WARN_SUSPICIOUS_MOVE = YES;
                CLANG_WARN_UNGUARDED_AVAILABILITY = YES_AGGRESSIVE;
                CLANG_WARN_UNREACHABLE_CODE = YES;
                CLANG_WARN__DUPLICATE_METHOD_MATCH = YES;
                CODE_SIGN_IDENTITY = "iPhone Developer";
                COPY_PHASE_STRIP = NO;
                DEBUG_INFORMATION_FORMAT = dwarf;
                ENABLE_STRICT_OBJC_MSGSEND = YES;
                ENABLE_TESTABILITY = YES;
                GCC_C_LANGUAGE_STANDARD = gnu11;
                GCC_DYNAMIC_NO_PIC = NO;
                GCC_NO_COMMON_BLOCKS = YES;
                GCC_OPTIMIZATION_LEVEL = 0;
                GCC_PREPROCESSOR_DEFINITIONS = (
                    "DEBUG=1",
                    "$(inherited)",
                );
                GCC_WARN_64_TO_32_BIT_CONVERSION = YES;
                GCC_WARN_ABOUT_RETURN_TYPE = YES_ERROR;
                GCC_WARN_UNDECLARED_SELECTOR = YES;
                GCC_WARN_UNINITIALIZED_AUTOS = YES_AGGRESSIVE;
                GCC_WARN_UNUSED_FUNCTION = YES;
                GCC_WARN_UNUSED_VARIABLE = YES;
                IPHONEOS_DEPLOYMENT_TARGET = 12.0;
                MTL_ENABLE_DEBUG_INFO = INCLUDE_SOURCE;
                MTL_FAST_MATH = YES;
                ONLY_ACTIVE_ARCH = YES;
                SDKROOT = iphoneos;
                SWIFT_ACTIVE_COMPILATION_CONDITIONS = DEBUG;
                SWIFT_OPTIMIZATION_LEVEL = "-Onone";
            };
            name = Debug;
        };
        B69DB4B02161E69700371B20 /* Release */ = {
            isa = XCBuildConfiguration;
            buildSettings = {
                ALWAYS_SEARCH_USER_PATHS = NO;
                CLANG_ANALYZER_NONNULL = YES;
                CLANG_ANALYZER_NUMBER_OBJECT_CONVERSION = YES_AGGRESSIVE;
                CLANG_CXX_LANGUAGE_STANDARD = "gnu++14";
                CLANG_CXX_LIBRARY = "libc++";
                CLANG_ENABLE_MODULES = YES;
                CLANG_ENABLE_OBJC_ARC = YES;
                CLANG_ENABLE_OBJC_WEAK = YES;
                CLANG_WARN_BLOCK_CAPTURE_AUTORELEASING = YES;
                CLANG_WARN_BOOL_CONVERSION = YES;
                CLANG_WARN_COMMA = YES;
                CLANG_WARN_CONSTANT_CONVERSION = YES;
                CLANG_WARN_DEPRECATED_OBJC_IMPLEMENTATIONS = YES;
                CLANG_WARN_DIRECT_OBJC_ISA_USAGE = YES_ERROR;
                CLANG_WARN_DOCUMENTATION_COMMENTS = YES;
                CLANG_WARN_EMPTY_BODY = YES;
                CLANG_WARN_ENUM_CONVERSION = YES;
                CLANG_WARN_INFINITE_RECURSION = YES;
                CLANG_WARN_INT_CONVERSION = YES;
                CLANG_WARN_NON_LITERAL_NULL_CONVERSION = YES;
                CLANG_WARN_OBJC_IMPLICIT_RETAIN_SELF = YES;
                CLANG_WARN_OBJC_LITERAL_CONVERSION = YES;
                CLANG_WARN_OBJC_ROOT_CLASS = YES_ERROR;
                CLANG_WARN_RANGE_LOOP_ANALYSIS = YES;
                CLANG_WARN_STRICT_PROTOTYPES = YES;
                CLANG_WARN_SUSPICIOUS_MOVE = YES;
                CLANG_WARN_UNGUARDED_AVAILABILITY = YES_AGGRESSIVE;
                CLANG_WARN_UNREACHABLE_CODE = YES;
                CLANG_WARN__DUPLICATE_METHOD_MATCH = YES;
                CODE_SIGN_IDENTITY = "iPhone Developer";
                COPY_PHASE_STRIP = NO;
                DEBUG_INFORMATION_FORMAT = "dwarf-with-dsym";
                ENABLE_NS_ASSERTIONS = NO;
                ENABLE_STRICT_OBJC_MSGSEND = YES;
                GCC_C_LANGUAGE_STANDARD = gnu11;
                GCC_NO_COMMON_BLOCKS = YES;
                GCC_WARN_64_TO_32_BIT_CONVERSION = YES;
                GCC_WARN_ABOUT_RETURN_TYPE = YES_ERROR;
                GCC_WARN_UNDECLARED_SELECTOR = YES;
                GCC_WARN_UNINITIALIZED_AUTOS = YES_AGGRESSIVE;
                GCC_WARN_UNUSED_FUNCTION = YES;
                GCC_WARN_UNUSED_VARIABLE = YES;
                IPHONEOS_DEPLOYMENT_TARGET = 12.0;
                MTL_ENABLE_DEBUG_INFO = NO;
                MTL_FAST_MATH = YES;
                SDKROOT = iphoneos;
                SWIFT_COMPILATION_MODE = wholemodule;
                SWIFT_OPTIMIZATION_LEVEL = "-O";
                VALIDATE_PRODUCT = YES;
            };
            name = Release;
        };
        B69DB4B22161E69700371B20 /* Debug */ = {
            isa = XCBuildConfiguration;
            buildSettings = {
                ASSETCATALOG_COMPILER_APPICON_NAME = AppIcon;
                CODE_SIGN_STYLE = Automatic;
                DEVELOPMENT_TEAM = 94N5K69DZP;
                INFOPLIST_FILE = TestExample4/Info.plist;
                IPHONEOS_DEPLOYMENT_TARGET = 12.0;
                LD_RUNPATH_SEARCH_PATHS = (
                    "$(inherited)",
                    "@executable_path/Frameworks",
                );
                PRODUCT_BUNDLE_IDENTIFIER = WF.TestExample4;
                PRODUCT_NAME = "$(TARGET_NAME)";
                SWIFT_VERSION = 4.2;
                TARGETED_DEVICE_FAMILY = "1,2";
            };
            name = Debug;
        };
        B69DB4B32161E69700371B20 /* Release */ = {
            isa = XCBuildConfiguration;
            buildSettings = {
                ASSETCATALOG_COMPILER_APPICON_NAME = AppIcon;
                CODE_SIGN_STYLE = Automatic;
                DEVELOPMENT_TEAM = 94N5K69DZP;
                INFOPLIST_FILE = TestExample4/Info.plist;
                IPHONEOS_DEPLOYMENT_TARGET = 12.0;
                LD_RUNPATH_SEARCH_PATHS = (
                    "$(inherited)",
                    "@executable_path/Frameworks",
                );
                PRODUCT_BUNDLE_IDENTIFIER = WF.TestExample4;
                PRODUCT_NAME = "$(TARGET_NAME)";
                SWIFT_VERSION = 4.2;
                TARGETED_DEVICE_FAMILY = "1,2";
            };
            name = Release;
        };
        B69DB4B52161E69700371B20 /* Debug */ = {
            isa = XCBuildConfiguration;
            buildSettings = {
                ALWAYS_EMBED_SWIFT_STANDARD_LIBRARIES = YES;
                BUNDLE_LOADER = "$(TEST_HOST)";
                CODE_SIGN_STYLE = Automatic;
                DEVELOPMENT_TEAM = 94N5K69DZP;
                INFOPLIST_FILE = TestExample4Tests/Info.plist;
                LD_RUNPATH_SEARCH_PATHS = (
                    "$(inherited)",
                    "@executable_path/Frameworks",
                    "@loader_path/Frameworks",
                );
                PRODUCT_BUNDLE_IDENTIFIER = WF.TestExample4Tests;
                PRODUCT_NAME = "$(TARGET_NAME)";
                SWIFT_VERSION = 4.2;
                TARGETED_DEVICE_FAMILY = "1,2";
                TEST_HOST = "$(BUILT_PRODUCTS_DIR)/TestExample4.app/TestExample4";
            };
            name = Debug;
        };
        B69DB4B62161E69700371B20 /* Release */ = {
            isa = XCBuildConfiguration;
            buildSettings = {
                ALWAYS_EMBED_SWIFT_STANDARD_LIBRARIES = YES;
                BUNDLE_LOADER = "$(TEST_HOST)";
                CODE_SIGN_STYLE = Automatic;
                DEVELOPMENT_TEAM = 94N5K69DZP;
                INFOPLIST_FILE = TestExample4Tests/Info.plist;
                LD_RUNPATH_SEARCH_PATHS = (
                    "$(inherited)",
                    "@executable_path/Frameworks",
                    "@loader_path/Frameworks",
                );
                PRODUCT_BUNDLE_IDENTIFIER = WF.TestExample4Tests;
                PRODUCT_NAME = "$(TARGET_NAME)";
                SWIFT_VERSION = 4.2;
                TARGETED_DEVICE_FAMILY = "1,2";
                TEST_HOST = "$(BUILT_PRODUCTS_DIR)/TestExample4.app/TestExample4";
            };
            name = Release;
        };
/* End XCBuildConfiguration section */

/* Begin XCConfigurationList section */
        B69DB48F2161E69500371B20 /* Build configuration list for PBXProject "TestExample4" */ = {
            isa = XCConfigurationList;
            buildConfigurations = (
                B69DB4AF2161E69700371B20 /* Debug */,
                B69DB4B02161E69700371B20 /* Release */,
            );
            defaultConfigurationIsVisible = 0;
            defaultConfigurationName = Release;
        };
        B69DB4B12161E69700371B20 /* Build configuration list for PBXNativeTarget "TestExample4" */ = {
            isa = XCConfigurationList;
            buildConfigurations = (
                B69DB4B22161E69700371B20 /* Debug */,
                B69DB4B32161E69700371B20 /* Release */,
            );
            defaultConfigurationIsVisible = 0;
            defaultConfigurationName = Release;
        };
        B69DB4B42161E69700371B20 /* Build configuration list for PBXNativeTarget "TestExample4Tests" */ = {
            isa = XCConfigurationList;
            buildConfigurations = (
                B69DB4B52161E69700371B20 /* Debug */,
                B69DB4B62161E69700371B20 /* Release */,
            );
            defaultConfigurationIsVisible = 0;
            defaultConfigurationName = Release;
        };
/* End XCConfigurationList section */
    };
    rootObject = B69DB48C2161E69500371B20 /* Project object */;
}
